
Microsoft Visual Studio Solution File, Format Version 12.00
# Visual Studio Version 16
VisualStudioVersion = 16.0.30804.86
MinimumVisualStudioVersion = 10.0.40219.1
Project("{9A19103F-16F7-4668-BE54-9A1E7A4F7556}") = "IoTHubClientGenerator", "IoTHubClientGenerator\IoTHubClientGenerator.csproj", "{189846AE-AC31-47CB-8563-6AAA3ADF0C7F}"
EndProject
Project("{9A19103F-16F7-4668-BE54-9A1E7A4F7556}") = "IoTHubClientGeneratorTest", "IoTHubClientGeneratorTest\IoTHubClientGeneratorTest.csproj", "{8C368BC6-E2E0-4479-A0FF-7C5AB0124667}"
EndProject
Project("{9A19103F-16F7-4668-BE54-9A1E7A4F7556}") = "IoTHubClientGeneratorDemo", "IoTHubClientGeneratorDemo\IoTHubClientGeneratorDemo.csproj", "{41B38D89-0CD6-439D-8E3E-32F50E640DC8}"
EndProject
Project("{9A19103F-16F7-4668-BE54-9A1E7A4F7556}") = "IoTHubClientGeneratorSDK", "IoTHubClientGeneratorSDK\IoTHubClientGeneratorSDK.csproj", "{FE80E392-3C82-4159-BA6E-30A0A1F23C5A}"
EndProject
Project("{2150E333-8FDC-42A3-9474-1A3956D46DE8}") = "Actions", "Actions", "{4A2E8F9B-4FF4-4F86-A974-BC14971E108C}"
	ProjectSection(SolutionItems) = preProject
		.github\workflows\dotnet.yml = .github\workflows\dotnet.yml
		.github\workflows\ReleaseIoTHubClientGenerator.yml = .github\workflows\ReleaseIoTHubClientGenerator.yml
		.github\workflows\ReleaseIoTHubClientGeneratorSDK.yml = .github\workflows\ReleaseIoTHubClientGeneratorSDK.yml
	EndProjectSection
EndProject
Project("{2150E333-8FDC-42A3-9474-1A3956D46DE8}") = "Wiki", "Wiki", "{CE6DC3C5-3F68-4298-875E-20B088CD830C}"
EndProject
Project("{2150E333-8FDC-42A3-9474-1A3956D46DE8}") = "Images", "Images", "{D4AE46EC-4EE9-4E9A-ABC6-6C73D7413F39}"
	ProjectSection(SolutionItems) = preProject
		Wiki\Images\ConfigureYourProject.png = Wiki\Images\ConfigureYourProject.png
		Wiki\Images\CreateNewProject.png = Wiki\Images\CreateNewProject.png
		Wiki\Images\DeviceTwinBatteryLevel.png = Wiki\Images\DeviceTwinBatteryLevel.png
		Wiki\Images\EditEnvironmentVariables.png = Wiki\Images\EditEnvironmentVariables.png
		Wiki\Images\Cloud2DeviceMessage.png = Wiki\Images\Cloud2DeviceMessage.png
		Wiki\Images\Cloud2DeviceMessageResult.png = Wiki\Images\Cloud2DeviceMessageResult.png
		Wiki\Images\DirectMethod.png = Wiki\Images\DirectMethod.png
		Wiki\Images\ManageNugetPackages.png = Wiki\Images\ManageNugetPackages.png
		Wiki\Images\Status method and property.png = Wiki\Images\Status method and property.png
		Wiki\Images\Telemetry.png = Wiki\Images\Telemetry.png
	EndProjectSection
EndProject
Global
	GlobalSection(SolutionConfigurationPlatforms) = preSolution
		Debug|Any CPU = Debug|Any CPU
		Release|Any CPU = Release|Any CPU
	EndGlobalSection
	GlobalSection(ProjectConfigurationPlatforms) = postSolution
		{189846AE-AC31-47CB-8563-6AAA3ADF0C7F}.Debug|Any CPU.ActiveCfg = Debug|Any CPU
		{189846AE-AC31-47CB-8563-6AAA3ADF0C7F}.Debug|Any CPU.Build.0 = Debug|Any CPU
		{189846AE-AC31-47CB-8563-6AAA3ADF0C7F}.Release|Any CPU.ActiveCfg = Release|Any CPU
		{189846AE-AC31-47CB-8563-6AAA3ADF0C7F}.Release|Any CPU.Build.0 = Release|Any CPU
		{8C368BC6-E2E0-4479-A0FF-7C5AB0124667}.Debug|Any CPU.ActiveCfg = Debug|Any CPU
		{8C368BC6-E2E0-4479-A0FF-7C5AB0124667}.Debug|Any CPU.Build.0 = Debug|Any CPU
		{8C368BC6-E2E0-4479-A0FF-7C5AB0124667}.Release|Any CPU.ActiveCfg = Release|Any CPU
		{8C368BC6-E2E0-4479-A0FF-7C5AB0124667}.Release|Any CPU.Build.0 = Release|Any CPU
		{41B38D89-0CD6-439D-8E3E-32F50E640DC8}.Debug|Any CPU.ActiveCfg = Debug|Any CPU
		{41B38D89-0CD6-439D-8E3E-32F50E640DC8}.Debug|Any CPU.Build.0 = Debug|Any CPU
		{41B38D89-0CD6-439D-8E3E-32F50E640DC8}.Release|Any CPU.ActiveCfg = Release|Any CPU
		{41B38D89-0CD6-439D-8E3E-32F50E640DC8}.Release|Any CPU.Build.0 = Release|Any CPU
		{FE80E392-3C82-4159-BA6E-30A0A1F23C5A}.Debug|Any CPU.ActiveCfg = Debug|Any CPU
		{FE80E392-3C82-4159-BA6E-30A0A1F23C5A}.Debug|Any CPU.Build.0 = Debug|Any CPU
		{FE80E392-3C82-4159-BA6E-30A0A1F23C5A}.Release|Any CPU.ActiveCfg = Release|Any CPU
		{FE80E392-3C82-4159-BA6E-30A0A1F23C5A}.Release|Any CPU.Build.0 = Release|Any CPU
	EndGlobalSection
	GlobalSection(SolutionProperties) = preSolution
		HideSolutionNode = FALSE
	EndGlobalSection
	GlobalSection(NestedProjects) = preSolution
		{D4AE46EC-4EE9-4E9A-ABC6-6C73D7413F39} = {CE6DC3C5-3F68-4298-875E-20B088CD830C}
	EndGlobalSection
	GlobalSection(ExtensibilityGlobals) = postSolution
		SolutionGuid = {A624F362-FCD8-4046-860E-1A9FE977F836}
	EndGlobalSection
EndGlobal
